github.com/codomatech/spluggy v0.0.0-20201009101642-2c5892d19f23 h1:YRC+nrghBqwTN7Uwm2+nCP8HPUtZmUZrZMU/31J+xkQ=
github.com/codomatech/spluggy v0.0.0-20201009101642-2c5892d19f23/go.mod h1:dstif34yo5NhL6S9q65sn25iH1hnPz6jpiCDQYLydwQ=
github.com/codomatech/spluggy v0.0.0-20201009112504-3fc54afc80ab h1:uSakFxq+AQXuhe72rtEqOFcwwPIhMwb2av+TI/hO7zg=
github.com/codomatech/spluggy v0.0.0-20201009112504-3fc54afc80ab/go.mod h1:dstif34yo5NhL6S9q65sn25iH1hnPz6jpiCDQYLydwQ=
github.com/codomatech/spluggy v0.0.0-20201009114955-3c087a438cf2 h1:4R/MQCEUMwdS4n561/FKCEK4pkgMSnjJqxGbSxUQS7w=
github.com/codomatech/spluggy v0.0.0-20201009114955-3c087a438cf2/go.mod h1:dstif34yo5NhL6S9q65sn25iH1hnPz6jpiCDQYLydwQ=
